<?xml version="1.0" encoding="utf-8"?>
<Project ToolsVersion="4.0" xmlns="http://schemas.microsoft.com/developer/msbuild/2003">
  <ItemGroup>
    <ClCompile Include="ZenosGames.cpp" />
  </ItemGroup>
  <ItemGroup>
    <Filter Include="Resources">
      <UniqueIdentifier>{b56c9ca8-f656-4369-bc61-5012f2d33480}</UniqueIdentifier>
    </Filter>
    <Filter Include="Resources\Fonts">
      <UniqueIdentifier>{90d32fa8-a003-4cf1-97a5-cbc667381792}</UniqueIdentifier>
    </Filter>
    <Filter Include="Resources\Textures">
      <UniqueIdentifier>{c90ce342-3e4d-4bdb-848d-ab7272e73ca5}</UniqueIdentifier>
    </Filter>
    <Filter Include="Resources\Fonts\MineSweeper">
      <UniqueIdentifier>{689ccdcc-65ff-4fcf-b620-362f5efb6e70}</UniqueIdentifier>
    </Filter>
    <Filter Include="Resources\Textures\MineSweeper">
      <UniqueIdentifier>{37a3e3f7-d23c-45b3-9330-ea4e9bbd6f3a}</UniqueIdentifier>
    </Filter>
    <Filter Include="Resources\Fonts\Tetris">
      <UniqueIdentifier>{93963257-8bdb-4d67-88c6-f3709062e73e}</UniqueIdentifier>
    </Filter>
    <Filter Include="Resources\Textures\Tetris">
      <UniqueIdentifier>{534384e5-efd1-4d84-a1d0-265e2903819a}</UniqueIdentifier>
    </Filter>
    <Filter Include="Resources\Fonts\SpaceInvaders">
      <UniqueIdentifier>{eb2cc006-4602-436c-b579-6839cfa79ad0}</UniqueIdentifier>
    </Filter>
    <Filter Include="Resources\Textures\SpaceInvaders">
      <UniqueIdentifier>{99fc2948-8c3e-413a-839e-48c00b9bddde}</UniqueIdentifier>
    </Filter>
    <Filter Include="Resources\Pokemon">
      <UniqueIdentifier>{e405ba99-a084-40d8-a761-b1646bf2dfca}</UniqueIdentifier>
    </Filter>
    <Filter Include="Resources\Pokemon\Regions">
      <UniqueIdentifier>{1006df06-05e8-46e3-b9d0-b29dd0648e80}</UniqueIdentifier>
    </Filter>
    <Filter Include="Resources\Pokemon\TileSheets">
      <UniqueIdentifier>{3629b390-18b9-4768-8d06-9a7c4d36d3ab}</UniqueIdentifier>
    </Filter>
  </ItemGroup>
  <ItemGroup>
    <Font Include="..\Resources\Fonts\MineSweeper\arial.ttf">
      <Filter>Resources\Fonts\MineSweeper</Filter>
    </Font>
  </ItemGroup>
  <ItemGroup>
    <Image Include="..\Resources\Textures\MineSweeper\Atlas.png">
      <Filter>Resources\Textures\MineSweeper</Filter>
    </Image>
    <Image Include="..\Resources\Pokemon\TileSheets\TileSheet.png">
      <Filter>Resources\Pokemon\TileSheets</Filter>
    </Image>
  </ItemGroup>
  <ItemGroup>
    <None Include="..\Resources\Pokemon\Regions\NewRegion.json">
      <Filter>Resources\Pokemon\Regions</Filter>
    </None>
    <None Include="..\Resources\Pokemon\Regions\Region2.json">
      <Filter>Resources\Pokemon\Regions</Filter>
    </None>
    <None Include="..\Resources\Pokemon\Regions\Region3.json">
      <Filter>Resources\Pokemon\Regions</Filter>
    </None>
  </ItemGroup>
</Project>