
Microsoft Visual Studio Solution File, Format Version 12.00
# Visual Studio 14
VisualStudioVersion = 14.0.25123.0
MinimumVisualStudioVersion = 10.0.40219.1
Project("{8BC9CEB8-8B4A-11D0-8D11-00A0C91BC942}") = "ZenosGames", "ZenosGames\ZenosGames.vcxproj", "{A9E541EF-FB09-4089-9D96-7FC0656217F4}"
EndProject
Project("{8BC9CEB8-8B4A-11D0-8D11-00A0C91BC942}") = "Common", "Common\Common.vcxproj", "{2D33607F-33C6-4BAE-A690-FD9D251EA55C}"
EndProject
Project("{8BC9CEB8-8B4A-11D0-8D11-00A0C91BC942}") = "Minesweeper", "Minesweeper\Minesweeper.vcxproj", "{EDF370DD-DC16-4D78-B6CB-2BF222CFF7A8}"
EndProject
Project("{8BC9CEB8-8B4A-11D0-8D11-00A0C91BC942}") = "Tetris", "Tetris\Tetris.vcxproj", "{B2BFD8B6-45FD-4BD4-A37E-1A132343ACED}"
EndProject
Project("{8BC9CEB8-8B4A-11D0-8D11-00A0C91BC942}") = "SpaceInvaders", "SpaceInvaders\SpaceInvaders.vcxproj", "{1833DFDE-D65C-478D-AC00-52DAFABECD95}"
EndProject
Project("{8BC9CEB8-8B4A-11D0-8D11-00A0C91BC942}") = "Monopoly", "Monopoly\Monopoly.vcxproj", "{9F811C00-DD90-41EA-AAD0-7F40098132E0}"
EndProject
Project("{8BC9CEB8-8B4A-11D0-8D11-00A0C91BC942}") = "Survival", "Survival\Survival.vcxproj", "{A755FB92-E9C9-4015-9D38-3EB4D62750C9}"
EndProject
Project("{8BC9CEB8-8B4A-11D0-8D11-00A0C91BC942}") = "Survival.Tests", "Survival.Tests\Survival.Tests.vcxproj", "{C0F71FF4-2278-40E1-9C64-B8A682CEC4C1}"
EndProject
Project("{8BC9CEB8-8B4A-11D0-8D11-00A0C91BC942}") = "Miner", "Miner\Miner.vcxproj", "{278A19CF-F71F-4B13-8D64-8F30A9BDDCE3}"
EndProject
Project("{8BC9CEB8-8B4A-11D0-8D11-00A0C91BC942}") = "Pokemon", "Pokemon\Pokemon.vcxproj", "{3E2CE2CE-4C55-4298-A1DB-FA9FA45850E3}"
EndProject
Project("{FAE04EC0-301F-11D3-BF4B-00C04F79EFBC}") = "PokemonRegionEditor", "PokemonRegionEditor\PokemonRegionEditor.csproj", "{04F24A7D-E526-4026-87D0-C2146884D59B}"
EndProject
Global
	GlobalSection(SolutionConfigurationPlatforms) = preSolution
		Debug|Any CPU = Debug|Any CPU
		Debug|x64 = Debug|x64
		Debug|x86 = Debug|x86
		Release|Any CPU = Release|Any CPU
		Release|x64 = Release|x64
		Release|x86 = Release|x86
	EndGlobalSection
	GlobalSection(ProjectConfigurationPlatforms) = postSolution
		{A9E541EF-FB09-4089-9D96-7FC0656217F4}.Debug|Any CPU.ActiveCfg = Debug|Win32
		{A9E541EF-FB09-4089-9D96-7FC0656217F4}.Debug|x64.ActiveCfg = Debug|x64
		{A9E541EF-FB09-4089-9D96-7FC0656217F4}.Debug|x64.Build.0 = Debug|x64
		{A9E541EF-FB09-4089-9D96-7FC0656217F4}.Debug|x86.ActiveCfg = Debug|Win32
		{A9E541EF-FB09-4089-9D96-7FC0656217F4}.Debug|x86.Build.0 = Debug|Win32
		{A9E541EF-FB09-4089-9D96-7FC0656217F4}.Release|Any CPU.ActiveCfg = Release|Win32
		{A9E541EF-FB09-4089-9D96-7FC0656217F4}.Release|x64.ActiveCfg = Release|x64
		{A9E541EF-FB09-4089-9D96-7FC0656217F4}.Release|x64.Build.0 = Release|x64
		{A9E541EF-FB09-4089-9D96-7FC0656217F4}.Release|x86.ActiveCfg = Release|Win32
		{A9E541EF-FB09-4089-9D96-7FC0656217F4}.Release|x86.Build.0 = Release|Win32
		{2D33607F-33C6-4BAE-A690-FD9D251EA55C}.Debug|Any CPU.ActiveCfg = Debug|Win32
		{2D33607F-33C6-4BAE-A690-FD9D251EA55C}.Debug|x64.ActiveCfg = Debug|x64
		{2D33607F-33C6-4BAE-A690-FD9D251EA55C}.Debug|x64.Build.0 = Debug|x64
		{2D33607F-33C6-4BAE-A690-FD9D251EA55C}.Debug|x86.ActiveCfg = Debug|Win32
		{2D33607F-33C6-4BAE-A690-FD9D251EA55C}.Debug|x86.Build.0 = Debug|Win32
		{2D33607F-33C6-4BAE-A690-FD9D251EA55C}.Release|Any CPU.ActiveCfg = Release|Win32
		{2D33607F-33C6-4BAE-A690-FD9D251EA55C}.Release|x64.ActiveCfg = Release|x64
		{2D33607F-33C6-4BAE-A690-FD9D251EA55C}.Release|x64.Build.0 = Release|x64
		{2D33607F-33C6-4BAE-A690-FD9D251EA55C}.Release|x86.ActiveCfg = Release|Win32
		{2D33607F-33C6-4BAE-A690-FD9D251EA55C}.Release|x86.Build.0 = Release|Win32
		{EDF370DD-DC16-4D78-B6CB-2BF222CFF7A8}.Debug|Any CPU.ActiveCfg = Debug|Win32
		{EDF370DD-DC16-4D78-B6CB-2BF222CFF7A8}.Debug|x64.ActiveCfg = Debug|x64
		{EDF370DD-DC16-4D78-B6CB-2BF222CFF7A8}.Debug|x64.Build.0 = Debug|x64
		{EDF370DD-DC16-4D78-B6CB-2BF222CFF7A8}.Debug|x86.ActiveCfg = Debug|Win32
		{EDF370DD-DC16-4D78-B6CB-2BF222CFF7A8}.Debug|x86.Build.0 = Debug|Win32
		{EDF370DD-DC16-4D78-B6CB-2BF222CFF7A8}.Release|Any CPU.ActiveCfg = Release|Win32
		{EDF370DD-DC16-4D78-B6CB-2BF222CFF7A8}.Release|x64.ActiveCfg = Release|x64
		{EDF370DD-DC16-4D78-B6CB-2BF222CFF7A8}.Release|x64.Build.0 = Release|x64
		{EDF370DD-DC16-4D78-B6CB-2BF222CFF7A8}.Release|x86.ActiveCfg = Release|Win32
		{EDF370DD-DC16-4D78-B6CB-2BF222CFF7A8}.Release|x86.Build.0 = Release|Win32
		{B2BFD8B6-45FD-4BD4-A37E-1A132343ACED}.Debug|Any CPU.ActiveCfg = Debug|Win32
		{B2BFD8B6-45FD-4BD4-A37E-1A132343ACED}.Debug|x64.ActiveCfg = Debug|x64
		{B2BFD8B6-45FD-4BD4-A37E-1A132343ACED}.Debug|x64.Build.0 = Debug|x64
		{B2BFD8B6-45FD-4BD4-A37E-1A132343ACED}.Debug|x86.ActiveCfg = Debug|Win32
		{B2BFD8B6-45FD-4BD4-A37E-1A132343ACED}.Debug|x86.Build.0 = Debug|Win32
		{B2BFD8B6-45FD-4BD4-A37E-1A132343ACED}.Release|Any CPU.ActiveCfg = Release|Win32
		{B2BFD8B6-45FD-4BD4-A37E-1A132343ACED}.Release|x64.ActiveCfg = Release|x64
		{B2BFD8B6-45FD-4BD4-A37E-1A132343ACED}.Release|x64.Build.0 = Release|x64
		{B2BFD8B6-45FD-4BD4-A37E-1A132343ACED}.Release|x86.ActiveCfg = Release|Win32
		{B2BFD8B6-45FD-4BD4-A37E-1A132343ACED}.Release|x86.Build.0 = Release|Win32
		{1833DFDE-D65C-478D-AC00-52DAFABECD95}.Debug|Any CPU.ActiveCfg = Debug|Win32
		{1833DFDE-D65C-478D-AC00-52DAFABECD95}.Debug|x64.ActiveCfg = Debug|x64
		{1833DFDE-D65C-478D-AC00-52DAFABECD95}.Debug|x64.Build.0 = Debug|x64
		{1833DFDE-D65C-478D-AC00-52DAFABECD95}.Debug|x86.ActiveCfg = Debug|Win32
		{1833DFDE-D65C-478D-AC00-52DAFABECD95}.Debug|x86.Build.0 = Debug|Win32
		{1833DFDE-D65C-478D-AC00-52DAFABECD95}.Release|Any CPU.ActiveCfg = Release|Win32
		{1833DFDE-D65C-478D-AC00-52DAFABECD95}.Release|x64.ActiveCfg = Release|x64
		{1833DFDE-D65C-478D-AC00-52DAFABECD95}.Release|x64.Build.0 = Release|x64
		{1833DFDE-D65C-478D-AC00-52DAFABECD95}.Release|x86.ActiveCfg = Release|Win32
		{1833DFDE-D65C-478D-AC00-52DAFABECD95}.Release|x86.Build.0 = Release|Win32
		{9F811C00-DD90-41EA-AAD0-7F40098132E0}.Debug|Any CPU.ActiveCfg = Debug|Win32
		{9F811C00-DD90-41EA-AAD0-7F40098132E0}.Debug|x64.ActiveCfg = Debug|x64
		{9F811C00-DD90-41EA-AAD0-7F40098132E0}.Debug|x64.Build.0 = Debug|x64
		{9F811C00-DD90-41EA-AAD0-7F40098132E0}.Debug|x86.ActiveCfg = Debug|Win32
		{9F811C00-DD90-41EA-AAD0-7F40098132E0}.Debug|x86.Build.0 = Debug|Win32
		{9F811C00-DD90-41EA-AAD0-7F40098132E0}.Release|Any CPU.ActiveCfg = Release|Win32
		{9F811C00-DD90-41EA-AAD0-7F40098132E0}.Release|x64.ActiveCfg = Release|x64
		{9F811C00-DD90-41EA-AAD0-7F40098132E0}.Release|x64.Build.0 = Release|x64
		{9F811C00-DD90-41EA-AAD0-7F40098132E0}.Release|x86.ActiveCfg = Release|Win32
		{9F811C00-DD90-41EA-AAD0-7F40098132E0}.Release|x86.Build.0 = Release|Win32
		{A755FB92-E9C9-4015-9D38-3EB4D62750C9}.Debug|Any CPU.ActiveCfg = Debug|Win32
		{A755FB92-E9C9-4015-9D38-3EB4D62750C9}.Debug|x64.ActiveCfg = Debug|x64
		{A755FB92-E9C9-4015-9D38-3EB4D62750C9}.Debug|x64.Build.0 = Debug|x64
		{A755FB92-E9C9-4015-9D38-3EB4D62750C9}.Debug|x86.ActiveCfg = Debug|Win32
		{A755FB92-E9C9-4015-9D38-3EB4D62750C9}.Debug|x86.Build.0 = Debug|Win32
		{A755FB92-E9C9-4015-9D38-3EB4D62750C9}.Release|Any CPU.ActiveCfg = Release|Win32
		{A755FB92-E9C9-4015-9D38-3EB4D62750C9}.Release|x64.ActiveCfg = Release|x64
		{A755FB92-E9C9-4015-9D38-3EB4D62750C9}.Release|x64.Build.0 = Release|x64
		{A755FB92-E9C9-4015-9D38-3EB4D62750C9}.Release|x86.ActiveCfg = Release|Win32
		{A755FB92-E9C9-4015-9D38-3EB4D62750C9}.Release|x86.Build.0 = Release|Win32
		{C0F71FF4-2278-40E1-9C64-B8A682CEC4C1}.Debug|Any CPU.ActiveCfg = Debug|Win32
		{C0F71FF4-2278-40E1-9C64-B8A682CEC4C1}.Debug|x64.ActiveCfg = Debug|x64
		{C0F71FF4-2278-40E1-9C64-B8A682CEC4C1}.Debug|x64.Build.0 = Debug|x64
		{C0F71FF4-2278-40E1-9C64-B8A682CEC4C1}.Debug|x86.ActiveCfg = Debug|Win32
		{C0F71FF4-2278-40E1-9C64-B8A682CEC4C1}.Debug|x86.Build.0 = Debug|Win32
		{C0F71FF4-2278-40E1-9C64-B8A682CEC4C1}.Release|Any CPU.ActiveCfg = Release|Win32
		{C0F71FF4-2278-40E1-9C64-B8A682CEC4C1}.Release|x64.ActiveCfg = Release|x64
		{C0F71FF4-2278-40E1-9C64-B8A682CEC4C1}.Release|x64.Build.0 = Release|x64
		{C0F71FF4-2278-40E1-9C64-B8A682CEC4C1}.Release|x86.ActiveCfg = Release|Win32
		{C0F71FF4-2278-40E1-9C64-B8A682CEC4C1}.Release|x86.Build.0 = Release|Win32
		{278A19CF-F71F-4B13-8D64-8F30A9BDDCE3}.Debug|Any CPU.ActiveCfg = Debug|Win32
		{278A19CF-F71F-4B13-8D64-8F30A9BDDCE3}.Debug|x64.ActiveCfg = Debug|x64
		{278A19CF-F71F-4B13-8D64-8F30A9BDDCE3}.Debug|x64.Build.0 = Debug|x64
		{278A19CF-F71F-4B13-8D64-8F30A9BDDCE3}.Debug|x86.ActiveCfg = Debug|Win32
		{278A19CF-F71F-4B13-8D64-8F30A9BDDCE3}.Debug|x86.Build.0 = Debug|Win32
		{278A19CF-F71F-4B13-8D64-8F30A9BDDCE3}.Release|Any CPU.ActiveCfg = Release|Win32
		{278A19CF-F71F-4B13-8D64-8F30A9BDDCE3}.Release|x64.ActiveCfg = Release|x64
		{278A19CF-F71F-4B13-8D64-8F30A9BDDCE3}.Release|x64.Build.0 = Release|x64
		{278A19CF-F71F-4B13-8D64-8F30A9BDDCE3}.Release|x86.ActiveCfg = Release|Win32
		{278A19CF-F71F-4B13-8D64-8F30A9BDDCE3}.Release|x86.Build.0 = Release|Win32
		{3E2CE2CE-4C55-4298-A1DB-FA9FA45850E3}.Debug|Any CPU.ActiveCfg = Debug|Win32
		{3E2CE2CE-4C55-4298-A1DB-FA9FA45850E3}.Debug|x64.ActiveCfg = Debug|x64
		{3E2CE2CE-4C55-4298-A1DB-FA9FA45850E3}.Debug|x64.Build.0 = Debug|x64
		{3E2CE2CE-4C55-4298-A1DB-FA9FA45850E3}.Debug|x86.ActiveCfg = Debug|Win32
		{3E2CE2CE-4C55-4298-A1DB-FA9FA45850E3}.Debug|x86.Build.0 = Debug|Win32
		{3E2CE2CE-4C55-4298-A1DB-FA9FA45850E3}.Release|Any CPU.ActiveCfg = Release|Win32
		{3E2CE2CE-4C55-4298-A1DB-FA9FA45850E3}.Release|x64.ActiveCfg = Release|x64
		{3E2CE2CE-4C55-4298-A1DB-FA9FA45850E3}.Release|x64.Build.0 = Release|x64
		{3E2CE2CE-4C55-4298-A1DB-FA9FA45850E3}.Release|x86.ActiveCfg = Release|Win32
		{3E2CE2CE-4C55-4298-A1DB-FA9FA45850E3}.Release|x86.Build.0 = Release|Win32
		{04F24A7D-E526-4026-87D0-C2146884D59B}.Debug|Any CPU.ActiveCfg = Debug|Any CPU
		{04F24A7D-E526-4026-87D0-C2146884D59B}.Debug|Any CPU.Build.0 = Debug|Any CPU
		{04F24A7D-E526-4026-87D0-C2146884D59B}.Debug|x64.ActiveCfg = Debug|Any CPU
		{04F24A7D-E526-4026-87D0-C2146884D59B}.Debug|x64.Build.0 = Debug|Any CPU
		{04F24A7D-E526-4026-87D0-C2146884D59B}.Debug|x86.ActiveCfg = Debug|Any CPU
		{04F24A7D-E526-4026-87D0-C2146884D59B}.Debug|x86.Build.0 = Debug|Any CPU
		{04F24A7D-E526-4026-87D0-C2146884D59B}.Release|Any CPU.ActiveCfg = Release|Any CPU
		{04F24A7D-E526-4026-87D0-C2146884D59B}.Release|Any CPU.Build.0 = Release|Any CPU
		{04F24A7D-E526-4026-87D0-C2146884D59B}.Release|x64.ActiveCfg = Release|Any CPU
		{04F24A7D-E526-4026-87D0-C2146884D59B}.Release|x64.Build.0 = Release|Any CPU
		{04F24A7D-E526-4026-87D0-C2146884D59B}.Release|x86.ActiveCfg = Release|Any CPU
		{04F24A7D-E526-4026-87D0-C2146884D59B}.Release|x86.Build.0 = Release|Any CPU
	EndGlobalSection
	GlobalSection(SolutionProperties) = preSolution
		HideSolutionNode = FALSE
	EndGlobalSection
EndGlobal
