<?xml version="1.0" encoding="utf-8"?>
<Project ToolsVersion="4.0" xmlns="http://schemas.microsoft.com/developer/msbuild/2003">
  <ItemGroup>
    <Filter Include="Scenes">
      <UniqueIdentifier>{f22fbe0b-29bb-49df-9199-90ebe11e8d8f}</UniqueIdentifier>
    </Filter>
    <Filter Include="Game Components">
      <UniqueIdentifier>{15e137fb-e293-4f64-945d-91f2e95ca53f}</UniqueIdentifier>
    </Filter>
    <Filter Include="Managers">
      <UniqueIdentifier>{d6b5c5ce-2fa1-4490-b8e1-f88c94cb6c77}</UniqueIdentifier>
    </Filter>
  </ItemGroup>
  <ItemGroup>
    <ClCompile Include="GameScene.cpp">
      <Filter>Scenes</Filter>
    </ClCompile>
    <ClCompile Include="GameBoard.cpp">
      <Filter>Game Components</Filter>
    </ClCompile>
    <ClCompile Include="NotificationManager.cpp">
      <Filter>Managers</Filter>
    </ClCompile>
    <ClCompile Include="Cell.cpp" />
    <ClCompile Include="CellSprites.cpp" />
  </ItemGroup>
  <ItemGroup>
    <ClInclude Include="GameScene.hpp">
      <Filter>Scenes</Filter>
    </ClInclude>
    <ClInclude Include="GameBoard.hpp">
      <Filter>Game Components</Filter>
    </ClInclude>
    <ClInclude Include="NotificationManager.hpp">
      <Filter>Managers</Filter>
    </ClInclude>
    <ClInclude Include="Cell.hpp" />
    <ClInclude Include="CellSprites.hpp" />
  </ItemGroup>
</Project>