<?xml version="1.0" encoding="utf-8"?>
<Project ToolsVersion="4.0" xmlns="http://schemas.microsoft.com/developer/msbuild/2003">
  <ItemGroup>
    <Filter Include="Managers">
      <UniqueIdentifier>{e2a9ce85-d284-4acf-8e72-f69ddbefaed6}</UniqueIdentifier>
    </Filter>
    <Filter Include="Scenes">
      <UniqueIdentifier>{6997d4e0-ce1d-4761-a12a-559a99fd949c}</UniqueIdentifier>
    </Filter>
    <Filter Include="Base Classes">
      <UniqueIdentifier>{663d43e5-8118-4ad1-b233-42d50e420959}</UniqueIdentifier>
    </Filter>
    <Filter Include="Utility">
      <UniqueIdentifier>{15e965e5-2547-42da-a3fb-49696ec0b808}</UniqueIdentifier>
    </Filter>
  </ItemGroup>
  <ItemGroup>
    <ClInclude Include="InstanceCollection.hpp">
      <Filter>Managers</Filter>
    </ClInclude>
    <ClInclude Include="Manager.hpp">
      <Filter>Managers</Filter>
    </ClInclude>
    <ClInclude Include="FontManager.hpp">
      <Filter>Managers</Filter>
    </ClInclude>
    <ClInclude Include="TextureManager.hpp">
      <Filter>Managers</Filter>
    </ClInclude>
    <ClInclude Include="SceneManager.hpp">
      <Filter>Managers</Filter>
    </ClInclude>
    <ClInclude Include="Scene.hpp">
      <Filter>Scenes</Filter>
    </ClInclude>
    <ClInclude Include="Application.hpp" />
    <ClInclude Include="Entity.hpp">
      <Filter>Base Classes</Filter>
    </ClInclude>
    <ClInclude Include="ColourUtility.hpp">
      <Filter>Utility</Filter>
    </ClInclude>
    <ClInclude Include="Orientation.hpp">
      <Filter>Utility</Filter>
    </ClInclude>
    <ClInclude Include="VectorMath.hpp">
      <Filter>Utility</Filter>
    </ClInclude>
  </ItemGroup>
  <ItemGroup>
    <ClCompile Include="InstanceCollection.cpp">
      <Filter>Managers</Filter>
    </ClCompile>
    <ClCompile Include="Manager.cpp">
      <Filter>Managers</Filter>
    </ClCompile>
    <ClCompile Include="FontManager.cpp">
      <Filter>Managers</Filter>
    </ClCompile>
    <ClCompile Include="TextureManager.cpp">
      <Filter>Managers</Filter>
    </ClCompile>
    <ClCompile Include="SceneManager.cpp">
      <Filter>Managers</Filter>
    </ClCompile>
    <ClCompile Include="Scene.cpp">
      <Filter>Scenes</Filter>
    </ClCompile>
    <ClCompile Include="Application.cpp" />
    <ClCompile Include="ColourUtility.cpp">
      <Filter>Utility</Filter>
    </ClCompile>
    <ClCompile Include="Orientation.cpp">
      <Filter>Utility</Filter>
    </ClCompile>
    <ClCompile Include="VectorMath.cpp">
      <Filter>Utility</Filter>
    </ClCompile>
  </ItemGroup>
</Project>